PODS:
  - Flutter (1.0.0)
  - integration_test (0.0.1):
    - Flutter
  - ultra_qr_scanner (0.0.1):
    - Flutter

DEPENDENCIES:
  - Flutter (from `Flutter`)
  - integration_test (from `.symlinks/plugins/integration_test/ios`)
  - ultra_qr_scanner (from `.symlinks/plugins/ultra_qr_scanner/ios`)

EXTERNAL SOURCES:
  Flutter:
    :path: Flutter
  integration_test:
    :path: ".symlinks/plugins/integration_test/ios"
  ultra_qr_scanner:
    :path: ".symlinks/plugins/ultra_qr_scanner/ios"

SPEC CHECKSUMS:
  Flutter: e0871f40cf51350855a761d2e70bf5af5b9b5de7
  integration_test: 4a889634ef21a45d28d50d622cf412dc6d9f586e
  ultra_qr_scanner: 99587b556f2d613a9057cb4effbb07d103545924

PODFILE CHECKSUM: 4305caec6b40dde0ae97be1573c53de1882a07e5

COCOAPODS: 1.16.2
